// !$*UTF8*$!
{
	archiveVersion = 1;
	classes = {
	};
	objectVersion = 56;
	objects = {

/* Begin PBXBuildFile section */
		81063B652CA0996400153278 /* AppDelegate.swift in Sources */ = {isa = PBXBuildFile; fileRef = 81063B642CA0996400153278 /* AppDelegate.swift */; };
		81063B672CA0996400153278 /* SceneDelegate.swift in Sources */ = {isa = PBXBuildFile; fileRef = 81063B662CA0996400153278 /* SceneDelegate.swift */; };
		81063B6E2CA0996600153278 /* Assets.xcassets in Resources */ = {isa = PBXBuildFile; fileRef = 81063B6D2CA0996600153278 /* Assets.xcassets */; };
		81063B712CA0996600153278 /* LaunchScreen.storyboard in Resources */ = {isa = PBXBuildFile; fileRef = 81063B6F2CA0996600153278 /* LaunchScreen.storyboard */; };
		81382F112CA8DFD0006B1FF0 /* Supabase in Frameworks */ = {isa = PBXBuildFile; productRef = 81382F102CA8DFD0006B1FF0 /* Supabase */; };
		81382F142CA8EECC006B1FF0 /* CodeView.swift in Sources */ = {isa = PBXBuildFile; fileRef = 81382F132CA8EECC006B1FF0 /* CodeView.swift */; };
		81382F162CA8EF13006B1FF0 /* SetupConstraints.swift in Sources */ = {isa = PBXBuildFile; fileRef = 81382F152CA8EF13006B1FF0 /* SetupConstraints.swift */; };
		81382F192CA8F141006B1FF0 /* FlutterInit.swift in Sources */ = {isa = PBXBuildFile; fileRef = 81382F182CA8F141006B1FF0 /* FlutterInit.swift */; };
		81382F1E2CA8F35E006B1FF0 /* HomeRouter.swift in Sources */ = {isa = PBXBuildFile; fileRef = 81382F1D2CA8F35E006B1FF0 /* HomeRouter.swift */; };
		81382F202CA8F436006B1FF0 /* HomeViewModel.swift in Sources */ = {isa = PBXBuildFile; fileRef = 81382F1F2CA8F436006B1FF0 /* HomeViewModel.swift */; };
		81382F232CA8F4CB006B1FF0 /* HomeViewControllerFactory.swift in Sources */ = {isa = PBXBuildFile; fileRef = 81382F222CA8F4CB006B1FF0 /* HomeViewControllerFactory.swift */; };
		81382F252CA8F4FC006B1FF0 /* HomeInteractorFactory.swift in Sources */ = {isa = PBXBuildFile; fileRef = 81382F242CA8F4FC006B1FF0 /* HomeInteractorFactory.swift */; };
		81382F272CA8F543006B1FF0 /* HomeRouterFactory.swift in Sources */ = {isa = PBXBuildFile; fileRef = 81382F262CA8F543006B1FF0 /* HomeRouterFactory.swift */; };
		81382F292CA9EB5E006B1FF0 /* FlutterHomeViewControllerFactory.swift in Sources */ = {isa = PBXBuildFile; fileRef = 81382F282CA9EB5E006B1FF0 /* FlutterHomeViewControllerFactory.swift */; };
		81382F2F2CAADFCF006B1FF0 /* HomeMenuTableViewCell.swift in Sources */ = {isa = PBXBuildFile; fileRef = 81382F2D2CAADFCF006B1FF0 /* HomeMenuTableViewCell.swift */; };
		81382F302CAADFCF006B1FF0 /* HomeProfileTableViewCell.swift in Sources */ = {isa = PBXBuildFile; fileRef = 81382F2E2CAADFCF006B1FF0 /* HomeProfileTableViewCell.swift */; };
		81382F322CAB0ED7006B1FF0 /* MenuViewModel.swift in Sources */ = {isa = PBXBuildFile; fileRef = 81382F312CAB0ED7006B1FF0 /* MenuViewModel.swift */; };
		81382F342CAB2806006B1FF0 /* HomeViewController.swift in Sources */ = {isa = PBXBuildFile; fileRef = 81382F332CAB2806006B1FF0 /* HomeViewController.swift */; };
		81382F362CAC4E71006B1FF0 /* FlutterHomeViewController.swift in Sources */ = {isa = PBXBuildFile; fileRef = 81382F352CAC4E71006B1FF0 /* FlutterHomeViewController.swift */; };
		817CCF772CA8DA0600340FC9 /* HomeView.swift in Sources */ = {isa = PBXBuildFile; fileRef = 817CCF762CA8DA0600340FC9 /* HomeView.swift */; };
		817CCF792CA8DA1500340FC9 /* HomeInteractor.swift in Sources */ = {isa = PBXBuildFile; fileRef = 817CCF782CA8DA1500340FC9 /* HomeInteractor.swift */; };
		817CCF7B2CA8DA1E00340FC9 /* HomePresenter.swift in Sources */ = {isa = PBXBuildFile; fileRef = 817CCF7A2CA8DA1E00340FC9 /* HomePresenter.swift */; };
		817CCF7E2CA8DB5300340FC9 /* SupabaseService.swift in Sources */ = {isa = PBXBuildFile; fileRef = 817CCF7D2CA8DB5300340FC9 /* SupabaseService.swift */; };
		817CCF812CA8DC6100340FC9 /* Auth in Frameworks */ = {isa = PBXBuildFile; productRef = 817CCF802CA8DC6100340FC9 /* Auth */; };
		817CCF832CA8DC6100340FC9 /* Functions in Frameworks */ = {isa = PBXBuildFile; productRef = 817CCF822CA8DC6100340FC9 /* Functions */; };
		817CCF852CA8DC6100340FC9 /* PostgREST in Frameworks */ = {isa = PBXBuildFile; productRef = 817CCF842CA8DC6100340FC9 /* PostgREST */; };
		817CCF872CA8DC6100340FC9 /* Realtime in Frameworks */ = {isa = PBXBuildFile; productRef = 817CCF862CA8DC6100340FC9 /* Realtime */; };
		817CCF892CA8DC6100340FC9 /* Storage in Frameworks */ = {isa = PBXBuildFile; productRef = 817CCF882CA8DC6100340FC9 /* Storage */; };
		817CCF8B2CA8DDE700340FC9 /* Auth in Frameworks */ = {isa = PBXBuildFile; productRef = 817CCF8A2CA8DDE700340FC9 /* Auth */; };
		817CCF8D2CA8DDE700340FC9 /* Functions in Frameworks */ = {isa = PBXBuildFile; productRef = 817CCF8C2CA8DDE700340FC9 /* Functions */; };
		817CCF8F2CA8DDE700340FC9 /* PostgREST in Frameworks */ = {isa = PBXBuildFile; productRef = 817CCF8E2CA8DDE700340FC9 /* PostgREST */; };
		817CCF912CA8DDE700340FC9 /* Realtime in Frameworks */ = {isa = PBXBuildFile; productRef = 817CCF902CA8DDE700340FC9 /* Realtime */; };
		817CCF932CA8DDE700340FC9 /* Storage in Frameworks */ = {isa = PBXBuildFile; productRef = 817CCF922CA8DDE700340FC9 /* Storage */; };
		A971E311935EFEBEFDEAD5FB /* Pods_Aiquefome.framework in Frameworks */ = {isa = PBXBuildFile; fileRef = 27A7322A5942C856DA0CCFF5 /* Pods_Aiquefome.framework */; };
/* End PBXBuildFile section */

/* Begin PBXFileReference section */
		27A7322A5942C856DA0CCFF5 /* Pods_Aiquefome.framework */ = {isa = PBXFileReference; explicitFileType = wrapper.framework; includeInIndex = 0; path = Pods_Aiquefome.framework; sourceTree = BUILT_PRODUCTS_DIR; };
		39A169E4C88282B05F3D32F4 /* Pods-Aiquefome.debug.xcconfig */ = {isa = PBXFileReference; includeInIndex = 1; lastKnownFileType = text.xcconfig; name = "Pods-Aiquefome.debug.xcconfig"; path = "Target Support Files/Pods-Aiquefome/Pods-Aiquefome.debug.xcconfig"; sourceTree = "<group>"; };
		81063B612CA0996400153278 /* Aiquefome.app */ = {isa = PBXFileReference; explicitFileType = wrapper.application; includeInIndex = 0; path = Aiquefome.app; sourceTree = BUILT_PRODUCTS_DIR; };
		81063B642CA0996400153278 /* AppDelegate.swift */ = {isa = PBXFileReference; lastKnownFileType = sourcecode.swift; path = AppDelegate.swift; sourceTree = "<group>"; };
		81063B662CA0996400153278 /* SceneDelegate.swift */ = {isa = PBXFileReference; lastKnownFileType = sourcecode.swift; path = SceneDelegate.swift; sourceTree = "<group>"; };
		81063B6D2CA0996600153278 /* Assets.xcassets */ = {isa = PBXFileReference; lastKnownFileType = folder.assetcatalog; path = Assets.xcassets; sourceTree = "<group>"; };
		81063B702CA0996600153278 /* Base */ = {isa = PBXFileReference; lastKnownFileType = file.storyboard; name = Base; path = Base.lproj/LaunchScreen.storyboard; sourceTree = "<group>"; };
		81063B722CA0996600153278 /* Info-Debug.plist */ = {isa = PBXFileReference; lastKnownFileType = text.plist.xml; path = "Info-Debug.plist"; sourceTree = "<group>"; };
		81063B782CA0A4E400153278 /* Info-Release.plist */ = {isa = PBXFileReference; fileEncoding = 4; lastKnownFileType = text.plist.xml; path = "Info-Release.plist"; sourceTree = "<group>"; };
		81382F132CA8EECC006B1FF0 /* CodeView.swift */ = {isa = PBXFileReference; lastKnownFileType = sourcecode.swift; path = CodeView.swift; sourceTree = "<group>"; };
		81382F152CA8EF13006B1FF0 /* SetupConstraints.swift */ = {isa = PBXFileReference; lastKnownFileType = sourcecode.swift; path = SetupConstraints.swift; sourceTree = "<group>"; };
		81382F182CA8F141006B1FF0 /* FlutterInit.swift */ = {isa = PBXFileReference; lastKnownFileType = sourcecode.swift; path = FlutterInit.swift; sourceTree = "<group>"; };
		81382F1D2CA8F35E006B1FF0 /* HomeRouter.swift */ = {isa = PBXFileReference; lastKnownFileType = sourcecode.swift; path = HomeRouter.swift; sourceTree = "<group>"; };
		81382F1F2CA8F436006B1FF0 /* HomeViewModel.swift */ = {isa = PBXFileReference; lastKnownFileType = sourcecode.swift; path = HomeViewModel.swift; sourceTree = "<group>"; };
		81382F222CA8F4CB006B1FF0 /* HomeViewControllerFactory.swift */ = {isa = PBXFileReference; lastKnownFileType = sourcecode.swift; path = HomeViewControllerFactory.swift; sourceTree = "<group>"; };
		81382F242CA8F4FC006B1FF0 /* HomeInteractorFactory.swift */ = {isa = PBXFileReference; lastKnownFileType = sourcecode.swift; path = HomeInteractorFactory.swift; sourceTree = "<group>"; };
		81382F262CA8F543006B1FF0 /* HomeRouterFactory.swift */ = {isa = PBXFileReference; lastKnownFileType = sourcecode.swift; path = HomeRouterFactory.swift; sourceTree = "<group>"; };
		81382F282CA9EB5E006B1FF0 /* FlutterHomeViewControllerFactory.swift */ = {isa = PBXFileReference; lastKnownFileType = sourcecode.swift; path = FlutterHomeViewControllerFactory.swift; sourceTree = "<group>"; };
		81382F2D2CAADFCF006B1FF0 /* HomeMenuTableViewCell.swift */ = {isa = PBXFileReference; fileEncoding = 4; lastKnownFileType = sourcecode.swift; path = HomeMenuTableViewCell.swift; sourceTree = "<group>"; };
		81382F2E2CAADFCF006B1FF0 /* HomeProfileTableViewCell.swift */ = {isa = PBXFileReference; fileEncoding = 4; lastKnownFileType = sourcecode.swift; path = HomeProfileTableViewCell.swift; sourceTree = "<group>"; };
		81382F312CAB0ED7006B1FF0 /* MenuViewModel.swift */ = {isa = PBXFileReference; lastKnownFileType = sourcecode.swift; path = MenuViewModel.swift; sourceTree = "<group>"; };
		81382F332CAB2806006B1FF0 /* HomeViewController.swift */ = {isa = PBXFileReference; fileEncoding = 4; lastKnownFileType = sourcecode.swift; path = HomeViewController.swift; sourceTree = "<group>"; };
		81382F352CAC4E71006B1FF0 /* FlutterHomeViewController.swift */ = {isa = PBXFileReference; lastKnownFileType = sourcecode.swift; path = FlutterHomeViewController.swift; sourceTree = "<group>"; };
		817CCF762CA8DA0600340FC9 /* HomeView.swift */ = {isa = PBXFileReference; lastKnownFileType = sourcecode.swift; path = HomeView.swift; sourceTree = "<group>"; };
		817CCF782CA8DA1500340FC9 /* HomeInteractor.swift */ = {isa = PBXFileReference; lastKnownFileType = sourcecode.swift; path = HomeInteractor.swift; sourceTree = "<group>"; };
		817CCF7A2CA8DA1E00340FC9 /* HomePresenter.swift */ = {isa = PBXFileReference; lastKnownFileType = sourcecode.swift; path = HomePresenter.swift; sourceTree = "<group>"; };
		817CCF7D2CA8DB5300340FC9 /* SupabaseService.swift */ = {isa = PBXFileReference; lastKnownFileType = sourcecode.swift; path = SupabaseService.swift; sourceTree = "<group>"; };
		CB74CA0F5B117BE67094FFA2 /* Pods-Aiquefome.release.xcconfig */ = {isa = PBXFileReference; includeInIndex = 1; lastKnownFileType = text.xcconfig; name = "Pods-Aiquefome.release.xcconfig"; path = "Target Support Files/Pods-Aiquefome/Pods-Aiquefome.release.xcconfig"; sourceTree = "<group>"; };
/* End PBXFileReference section */

/* Begin PBXFrameworksBuildPhase section */
		81063B5E2CA0996400153278 /* Frameworks */ = {
			isa = PBXFrameworksBuildPhase;
			buildActionMask = 2147483647;
			files = (
				817CCF892CA8DC6100340FC9 /* Storage in Frameworks */,
				817CCF852CA8DC6100340FC9 /* PostgREST in Frameworks */,
				817CCF932CA8DDE700340FC9 /* Storage in Frameworks */,
				817CCF8D2CA8DDE700340FC9 /* Functions in Frameworks */,
				817CCF912CA8DDE700340FC9 /* Realtime in Frameworks */,
				817CCF8F2CA8DDE700340FC9 /* PostgREST in Frameworks */,
				817CCF832CA8DC6100340FC9 /* Functions in Frameworks */,
				817CCF8B2CA8DDE700340FC9 /* Auth in Frameworks */,
				81382F112CA8DFD0006B1FF0 /* Supabase in Frameworks */,
				817CCF812CA8DC6100340FC9 /* Auth in Frameworks */,
				817CCF872CA8DC6100340FC9 /* Realtime in Frameworks */,
				A971E311935EFEBEFDEAD5FB /* Pods_Aiquefome.framework in Frameworks */,
			);
			runOnlyForDeploymentPostprocessing = 0;
		};
/* End PBXFrameworksBuildPhase section */

/* Begin PBXGroup section */
		3EE8DF8413C697B738BAEAFD /* Frameworks */ = {
			isa = PBXGroup;
			children = (
				27A7322A5942C856DA0CCFF5 /* Pods_Aiquefome.framework */,
			);
			name = Frameworks;
			sourceTree = "<group>";
		};
		81063B582CA0996400153278 = {
			isa = PBXGroup;
			children = (
				81063B632CA0996400153278 /* Aiquefome */,
				81063B622CA0996400153278 /* Products */,
				9B67C49F783D819FAC55580B /* Pods */,
				3EE8DF8413C697B738BAEAFD /* Frameworks */,
			);
			sourceTree = "<group>";
		};
		81063B622CA0996400153278 /* Products */ = {
			isa = PBXGroup;
			children = (
				81063B612CA0996400153278 /* Aiquefome.app */,
			);
			name = Products;
			sourceTree = "<group>";
		};
		81063B632CA0996400153278 /* Aiquefome */ = {
			isa = PBXGroup;
			children = (
				81382F122CA8EEAE006B1FF0 /* Helpers */,
				817CCF7C2CA8DAF800340FC9 /* Infra */,
				817CCF712CA8D96B00340FC9 /* Modules */,
				81063B642CA0996400153278 /* AppDelegate.swift */,
				81063B662CA0996400153278 /* SceneDelegate.swift */,
				81063B6D2CA0996600153278 /* Assets.xcassets */,
				81063B6F2CA0996600153278 /* LaunchScreen.storyboard */,
				81063B722CA0996600153278 /* Info-Debug.plist */,
				81063B782CA0A4E400153278 /* Info-Release.plist */,
			);
			path = Aiquefome;
			sourceTree = "<group>";
		};
		81382F122CA8EEAE006B1FF0 /* Helpers */ = {
			isa = PBXGroup;
			children = (
				81382F132CA8EECC006B1FF0 /* CodeView.swift */,
				81382F152CA8EF13006B1FF0 /* SetupConstraints.swift */,
			);
			path = Helpers;
			sourceTree = "<group>";
		};
		81382F172CA8F110006B1FF0 /* Flutter */ = {
			isa = PBXGroup;
			children = (
				81382F182CA8F141006B1FF0 /* FlutterInit.swift */,
			);
			path = Flutter;
			sourceTree = "<group>";
		};
		81382F1C2CA8F34D006B1FF0 /* Router */ = {
			isa = PBXGroup;
			children = (
				81382F1D2CA8F35E006B1FF0 /* HomeRouter.swift */,
			);
			path = Router;
			sourceTree = "<group>";
		};
		81382F212CA8F4B2006B1FF0 /* Factories */ = {
			isa = PBXGroup;
			children = (
				81382F222CA8F4CB006B1FF0 /* HomeViewControllerFactory.swift */,
				81382F242CA8F4FC006B1FF0 /* HomeInteractorFactory.swift */,
				81382F262CA8F543006B1FF0 /* HomeRouterFactory.swift */,
				81382F282CA9EB5E006B1FF0 /* FlutterHomeViewControllerFactory.swift */,
			);
			path = Factories;
			sourceTree = "<group>";
		};
		81382F2C2CAADFC2006B1FF0 /* Cell */ = {
			isa = PBXGroup;
			children = (
				81382F2D2CAADFCF006B1FF0 /* HomeMenuTableViewCell.swift */,
				81382F2E2CAADFCF006B1FF0 /* HomeProfileTableViewCell.swift */,
			);
			path = Cell;
			sourceTree = "<group>";
		};
		817CCF712CA8D96B00340FC9 /* Modules */ = {
			isa = PBXGroup;
			children = (
				81382F172CA8F110006B1FF0 /* Flutter */,
				817CCF722CA8D97B00340FC9 /* Home */,
			);
			path = Modules;
			sourceTree = "<group>";
		};
		817CCF722CA8D97B00340FC9 /* Home */ = {
			isa = PBXGroup;
			children = (
				81382F212CA8F4B2006B1FF0 /* Factories */,
				81382F1C2CA8F34D006B1FF0 /* Router */,
				817CCF752CA8D9E800340FC9 /* View */,
				817CCF742CA8D9E000340FC9 /* Interactor */,
				817CCF732CA8D9D100340FC9 /* Presenter */,
			);
			path = Home;
			sourceTree = "<group>";
		};
		817CCF732CA8D9D100340FC9 /* Presenter */ = {
			isa = PBXGroup;
			children = (
				817CCF7A2CA8DA1E00340FC9 /* HomePresenter.swift */,
				81382F1F2CA8F436006B1FF0 /* HomeViewModel.swift */,
				81382F312CAB0ED7006B1FF0 /* MenuViewModel.swift */,
			);
			path = Presenter;
			sourceTree = "<group>";
		};
		817CCF742CA8D9E000340FC9 /* Interactor */ = {
			isa = PBXGroup;
			children = (
				817CCF782CA8DA1500340FC9 /* HomeInteractor.swift */,
			);
			path = Interactor;
			sourceTree = "<group>";
		};
		817CCF752CA8D9E800340FC9 /* View */ = {
			isa = PBXGroup;
			children = (
				81382F332CAB2806006B1FF0 /* HomeViewController.swift */,
				81382F2C2CAADFC2006B1FF0 /* Cell */,
				817CCF762CA8DA0600340FC9 /* HomeView.swift */,
				81382F352CAC4E71006B1FF0 /* FlutterHomeViewController.swift */,
			);
			path = View;
			sourceTree = "<group>";
		};
		817CCF7C2CA8DAF800340FC9 /* Infra */ = {
			isa = PBXGroup;
			children = (
				817CCF7D2CA8DB5300340FC9 /* SupabaseService.swift */,
			);
			path = Infra;
			sourceTree = "<group>";
		};
		9B67C49F783D819FAC55580B /* Pods */ = {
			isa = PBXGroup;
			children = (
				39A169E4C88282B05F3D32F4 /* Pods-Aiquefome.debug.xcconfig */,
				CB74CA0F5B117BE67094FFA2 /* Pods-Aiquefome.release.xcconfig */,
			);
			path = Pods;
			sourceTree = "<group>";
		};
/* End PBXGroup section */

/* Begin PBXNativeTarget section */
		81063B602CA0996400153278 /* Aiquefome */ = {
			isa = PBXNativeTarget;
			buildConfigurationList = 81063B752CA0996600153278 /* Build configuration list for PBXNativeTarget "Aiquefome" */;
			buildPhases = (
				A384DFF0AFE7E8165984197C /* [CP] Check Pods Manifest.lock */,
				4555FD162885C776801911A9 /* [CP-User] Run Flutter Build ai_que_fome_flutter Script */,
				81063B5D2CA0996400153278 /* Sources */,
				81063B5E2CA0996400153278 /* Frameworks */,
				81063B5F2CA0996400153278 /* Resources */,
				AB906D106EBB5811B74A7BA0 /* [CP-User] Embed Flutter Build ai_que_fome_flutter Script */,
				4F27974D2C1F98A50A0986C8 /* [CP] Embed Pods Frameworks */,
			);
			buildRules = (
			);
			dependencies = (
			);
			name = Aiquefome;
			packageProductDependencies = (
				817CCF802CA8DC6100340FC9 /* Auth */,
				817CCF822CA8DC6100340FC9 /* Functions */,
				817CCF842CA8DC6100340FC9 /* PostgREST */,
				817CCF862CA8DC6100340FC9 /* Realtime */,
				817CCF882CA8DC6100340FC9 /* Storage */,
				817CCF8A2CA8DDE700340FC9 /* Auth */,
				817CCF8C2CA8DDE700340FC9 /* Functions */,
				817CCF8E2CA8DDE700340FC9 /* PostgREST */,
				817CCF902CA8DDE700340FC9 /* Realtime */,
				817CCF922CA8DDE700340FC9 /* Storage */,
				81382F102CA8DFD0006B1FF0 /* Supabase */,
			);
			productName = Aiquefome;
			productReference = 81063B612CA0996400153278 /* Aiquefome.app */;
			productType = "com.apple.product-type.application";
		};
/* End PBXNativeTarget section */

/* Begin PBXProject section */
		81063B592CA0996400153278 /* Project object */ = {
			isa = PBXProject;
			attributes = {
				BuildIndependentTargetsInParallel = 1;
				LastSwiftUpdateCheck = 1500;
				LastUpgradeCheck = 1500;
				TargetAttributes = {
					81063B602CA0996400153278 = {
						CreatedOnToolsVersion = 15.0.1;
					};
				};
			};
			buildConfigurationList = 81063B5C2CA0996400153278 /* Build configuration list for PBXProject "Aiquefome" */;
			compatibilityVersion = "Xcode 14.0";
			developmentRegion = en;
			hasScannedForEncodings = 0;
			knownRegions = (
				en,
				Base,
			);
			mainGroup = 81063B582CA0996400153278;
			packageReferences = (
				817CCF7F2CA8DC6100340FC9 /* XCRemoteSwiftPackageReference "supabase-swift" */,
			);
			productRefGroup = 81063B622CA0996400153278 /* Products */;
			projectDirPath = "";
			projectRoot = "";
			targets = (
				81063B602CA0996400153278 /* Aiquefome */,
			);
		};
/* End PBXProject section */

/* Begin PBXResourcesBuildPhase section */
		81063B5F2CA0996400153278 /* Resources */ = {
			isa = PBXResourcesBuildPhase;
			buildActionMask = 2147483647;
			files = (
				81063B712CA0996600153278 /* LaunchScreen.storyboard in Resources */,
				81063B6E2CA0996600153278 /* Assets.xcassets in Resources */,
			);
			runOnlyForDeploymentPostprocessing = 0;
		};
/* End PBXResourcesBuildPhase section */

/* Begin PBXShellScriptBuildPhase section */
		4555FD162885C776801911A9 /* [CP-User] Run Flutter Build ai_que_fome_flutter Script */ = {
			isa = PBXShellScriptBuildPhase;
			buildActionMask = 2147483647;
			files = (
			);
			name = "[CP-User] Run Flutter Build ai_que_fome_flutter Script";
			runOnlyForDeploymentPostprocessing = 0;
			shellPath = /bin/sh;
			shellScript = "set -e\nset -u\nsource \"${SRCROOT}/../ai_que_fome_flutter/.ios/Flutter/flutter_export_environment.sh\"\nexport VERBOSE_SCRIPT_LOGGING=1 && \"$FLUTTER_ROOT\"/packages/flutter_tools/bin/xcode_backend.sh build";
		};
		4F27974D2C1F98A50A0986C8 /* [CP] Embed Pods Frameworks */ = {
			isa = PBXShellScriptBuildPhase;
			buildActionMask = 2147483647;
			files = (
			);
			inputFileListPaths = (
				"${PODS_ROOT}/Target Support Files/Pods-Aiquefome/Pods-Aiquefome-frameworks-${CONFIGURATION}-input-files.xcfilelist",
			);
			name = "[CP] Embed Pods Frameworks";
			outputFileListPaths = (
				"${PODS_ROOT}/Target Support Files/Pods-Aiquefome/Pods-Aiquefome-frameworks-${CONFIGURATION}-output-files.xcfilelist",
			);
			runOnlyForDeploymentPostprocessing = 0;
			shellPath = /bin/sh;
			shellScript = "\"${PODS_ROOT}/Target Support Files/Pods-Aiquefome/Pods-Aiquefome-frameworks.sh\"\n";
			showEnvVarsInLog = 0;
		};
		A384DFF0AFE7E8165984197C /* [CP] Check Pods Manifest.lock */ = {
			isa = PBXShellScriptBuildPhase;
			buildActionMask = 2147483647;
			files = (
			);
			inputFileListPaths = (
			);
			inputPaths = (
				"${PODS_PODFILE_DIR_PATH}/Podfile.lock",
				"${PODS_ROOT}/Manifest.lock",
			);
			name = "[CP] Check Pods Manifest.lock";
			outputFileListPaths = (
			);
			outputPaths = (
				"$(DERIVED_FILE_DIR)/Pods-Aiquefome-checkManifestLockResult.txt",
			);
			runOnlyForDeploymentPostprocessing = 0;
			shellPath = /bin/sh;
			shellScript = "diff \"${PODS_PODFILE_DIR_PATH}/Podfile.lock\" \"${PODS_ROOT}/Manifest.lock\" > /dev/null\nif [ $? != 0 ] ; then\n    # print error to STDERR\n    echo \"error: The sandbox is not in sync with the Podfile.lock. Run 'pod install' or update your CocoaPods installation.\" >&2\n    exit 1\nfi\n# This output is used by Xcode 'outputs' to avoid re-running this script phase.\necho \"SUCCESS\" > \"${SCRIPT_OUTPUT_FILE_0}\"\n";
			showEnvVarsInLog = 0;
		};
		AB906D106EBB5811B74A7BA0 /* [CP-User] Embed Flutter Build ai_que_fome_flutter Script */ = {
			isa = PBXShellScriptBuildPhase;
			buildActionMask = 2147483647;
			files = (
			);
			name = "[CP-User] Embed Flutter Build ai_que_fome_flutter Script";
			runOnlyForDeploymentPostprocessing = 0;
			shellPath = /bin/sh;
			shellScript = "set -e\nset -u\nsource \"${SRCROOT}/../ai_que_fome_flutter/.ios/Flutter/flutter_export_environment.sh\"\nexport VERBOSE_SCRIPT_LOGGING=1 && \"$FLUTTER_ROOT\"/packages/flutter_tools/bin/xcode_backend.sh embed_and_thin";
		};
/* End PBXShellScriptBuildPhase section */

/* Begin PBXSourcesBuildPhase section */
		81063B5D2CA0996400153278 /* Sources */ = {
			isa = PBXSourcesBuildPhase;
			buildActionMask = 2147483647;
			files = (
				81382F362CAC4E71006B1FF0 /* FlutterHomeViewController.swift in Sources */,
				817CCF7E2CA8DB5300340FC9 /* SupabaseService.swift in Sources */,
				817CCF772CA8DA0600340FC9 /* HomeView.swift in Sources */,
				81382F342CAB2806006B1FF0 /* HomeViewController.swift in Sources */,
				81382F302CAADFCF006B1FF0 /* HomeProfileTableViewCell.swift in Sources */,
				81382F322CAB0ED7006B1FF0 /* MenuViewModel.swift in Sources */,
				81382F272CA8F543006B1FF0 /* HomeRouterFactory.swift in Sources */,
				81063B652CA0996400153278 /* AppDelegate.swift in Sources */,
				817CCF7B2CA8DA1E00340FC9 /* HomePresenter.swift in Sources */,
				817CCF792CA8DA1500340FC9 /* HomeInteractor.swift in Sources */,
				81382F252CA8F4FC006B1FF0 /* HomeInteractorFactory.swift in Sources */,
				81382F292CA9EB5E006B1FF0 /* FlutterHomeViewControllerFactory.swift in Sources */,
				81063B672CA0996400153278 /* SceneDelegate.swift in Sources */,
				81382F202CA8F436006B1FF0 /* HomeViewModel.swift in Sources */,
				81382F142CA8EECC006B1FF0 /* CodeView.swift in Sources */,
				81382F192CA8F141006B1FF0 /* FlutterInit.swift in Sources */,
				81382F162CA8EF13006B1FF0 /* SetupConstraints.swift in Sources */,
				81382F2F2CAADFCF006B1FF0 /* HomeMenuTableViewCell.swift in Sources */,
				81382F232CA8F4CB006B1FF0 /* HomeViewControllerFactory.swift in Sources */,
				81382F1E2CA8F35E006B1FF0 /* HomeRouter.swift in Sources */,
			);
			runOnlyForDeploymentPostprocessing = 0;
		};
/* End PBXSourcesBuildPhase section */

/* Begin PBXVariantGroup section */
		81063B6F2CA0996600153278 /* LaunchScreen.storyboard */ = {
			isa = PBXVariantGroup;
			children = (
				81063B702CA0996600153278 /* Base */,
			);
			name = LaunchScreen.storyboard;
			sourceTree = "<group>";
		};
/* End PBXVariantGroup section */

/* Begin XCBuildConfiguration section */
		81063B732CA0996600153278 /* Debug */ = {
			isa = XCBuildConfiguration;
			buildSettings = {
				ALWAYS_SEARCH_USER_PATHS = NO;
				ASSETCATALOG_COMPILER_GENERATE_SWIFT_ASSET_SYMBOL_EXTENSIONS = YES;
				CLANG_ANALYZER_NONNULL = YES;
				CLANG_ANALYZER_NUMBER_OBJECT_CONVERSION = YES_AGGRESSIVE;
				CLANG_CXX_LANGUAGE_STANDARD = "gnu++20";
				CLANG_ENABLE_MODULES = YES;
				CLANG_ENABLE_OBJC_ARC = YES;
				CLANG_ENABLE_OBJC_WEAK = YES;
				CLANG_WARN_BLOCK_CAPTURE_AUTORELEASING = YES;
				CLANG_WARN_BOOL_CONVERSION = YES;
				CLANG_WARN_COMMA = YES;
				CLANG_WARN_CONSTANT_CONVERSION = YES;
				CLANG_WARN_DEPRECATED_OBJC_IMPLEMENTATIONS = YES;
				CLANG_WARN_DIRECT_OBJC_ISA_USAGE = YES_ERROR;
				CLANG_WARN_DOCUMENTATION_COMMENTS = YES;
				CLANG_WARN_EMPTY_BODY = YES;
				CLANG_WARN_ENUM_CONVERSION = YES;
				CLANG_WARN_INFINITE_RECURSION = YES;
				CLANG_WARN_INT_CONVERSION = YES;
				CLANG_WARN_NON_LITERAL_NULL_CONVERSION = YES;
				CLANG_WARN_OBJC_IMPLICIT_RETAIN_SELF = YES;
				CLANG_WARN_OBJC_LITERAL_CONVERSION = YES;
				CLANG_WARN_OBJC_ROOT_CLASS = YES_ERROR;
				CLANG_WARN_QUOTED_INCLUDE_IN_FRAMEWORK_HEADER = YES;
				CLANG_WARN_RANGE_LOOP_ANALYSIS = YES;
				CLANG_WARN_STRICT_PROTOTYPES = YES;
				CLANG_WARN_SUSPICIOUS_MOVE = YES;
				CLANG_WARN_UNGUARDED_AVAILABILITY = YES_AGGRESSIVE;
				CLANG_WARN_UNREACHABLE_CODE = YES;
				CLANG_WARN__DUPLICATE_METHOD_MATCH = YES;
				COPY_PHASE_STRIP = NO;
				DEBUG_INFORMATION_FORMAT = dwarf;
				ENABLE_STRICT_OBJC_MSGSEND = YES;
				ENABLE_TESTABILITY = YES;
				ENABLE_USER_SCRIPT_SANDBOXING = NO;
				GCC_C_LANGUAGE_STANDARD = gnu17;
				GCC_DYNAMIC_NO_PIC = NO;
				GCC_NO_COMMON_BLOCKS = YES;
				GCC_OPTIMIZATION_LEVEL = 0;
				GCC_PREPROCESSOR_DEFINITIONS = (
					"DEBUG=1",
					"$(inherited)",
				);
				GCC_WARN_64_TO_32_BIT_CONVERSION = YES;
				GCC_WARN_ABOUT_RETURN_TYPE = YES_ERROR;
				GCC_WARN_UNDECLARED_SELECTOR = YES;
				GCC_WARN_UNINITIALIZED_AUTOS = YES_AGGRESSIVE;
				GCC_WARN_UNUSED_FUNCTION = YES;
				GCC_WARN_UNUSED_VARIABLE = YES;
				IPHONEOS_DEPLOYMENT_TARGET = 17.0;
				LOCALIZATION_PREFERS_STRING_CATALOGS = YES;
				MTL_ENABLE_DEBUG_INFO = INCLUDE_SOURCE;
				MTL_FAST_MATH = YES;
				ONLY_ACTIVE_ARCH = YES;
				SDKROOT = iphoneos;
				SWIFT_ACTIVE_COMPILATION_CONDITIONS = "DEBUG $(inherited)";
				SWIFT_OPTIMIZATION_LEVEL = "-Onone";
			};
			name = Debug;
		};
		81063B742CA0996600153278 /* Release */ = {
			isa = XCBuildConfiguration;
			buildSettings = {
				ALWAYS_SEARCH_USER_PATHS = NO;
				ASSETCATALOG_COMPILER_GENERATE_SWIFT_ASSET_SYMBOL_EXTENSIONS = YES;
				CLANG_ANALYZER_NONNULL = YES;
				CLANG_ANALYZER_NUMBER_OBJECT_CONVERSION = YES_AGGRESSIVE;
				CLANG_CXX_LANGUAGE_STANDARD = "gnu++20";
				CLANG_ENABLE_MODULES = YES;
				CLANG_ENABLE_OBJC_ARC = YES;
				CLANG_ENABLE_OBJC_WEAK = YES;
				CLANG_WARN_BLOCK_CAPTURE_AUTORELEASING = YES;
				CLANG_WARN_BOOL_CONVERSION = YES;
				CLANG_WARN_COMMA = YES;
				CLANG_WARN_CONSTANT_CONVERSION = YES;
				CLANG_WARN_DEPRECATED_OBJC_IMPLEMENTATIONS = YES;
				CLANG_WARN_DIRECT_OBJC_ISA_USAGE = YES_ERROR;
				CLANG_WARN_DOCUMENTATION_COMMENTS = YES;
				CLANG_WARN_EMPTY_BODY = YES;
				CLANG_WARN_ENUM_CONVERSION = YES;
				CLANG_WARN_INFINITE_RECURSION = YES;
				CLANG_WARN_INT_CONVERSION = YES;
				CLANG_WARN_NON_LITERAL_NULL_CONVERSION = YES;
				CLANG_WARN_OBJC_IMPLICIT_RETAIN_SELF = YES;
				CLANG_WARN_OBJC_LITERAL_CONVERSION = YES;
				CLANG_WARN_OBJC_ROOT_CLASS = YES_ERROR;
				CLANG_WARN_QUOTED_INCLUDE_IN_FRAMEWORK_HEADER = YES;
				CLANG_WARN_RANGE_LOOP_ANALYSIS = YES;
				CLANG_WARN_STRICT_PROTOTYPES = YES;
				CLANG_WARN_SUSPICIOUS_MOVE = YES;
				CLANG_WARN_UNGUARDED_AVAILABILITY = YES_AGGRESSIVE;
				CLANG_WARN_UNREACHABLE_CODE = YES;
				CLANG_WARN__DUPLICATE_METHOD_MATCH = YES;
				COPY_PHASE_STRIP = NO;
				DEBUG_INFORMATION_FORMAT = "dwarf-with-dsym";
				ENABLE_NS_ASSERTIONS = NO;
				ENABLE_STRICT_OBJC_MSGSEND = YES;
				ENABLE_USER_SCRIPT_SANDBOXING = NO;
				GCC_C_LANGUAGE_STANDARD = gnu17;
				GCC_NO_COMMON_BLOCKS = YES;
				GCC_WARN_64_TO_32_BIT_CONVERSION = YES;
				GCC_WARN_ABOUT_RETURN_TYPE = YES_ERROR;
				GCC_WARN_UNDECLARED_SELECTOR = YES;
				GCC_WARN_UNINITIALIZED_AUTOS = YES_AGGRESSIVE;
				GCC_WARN_UNUSED_FUNCTION = YES;
				GCC_WARN_UNUSED_VARIABLE = YES;
				IPHONEOS_DEPLOYMENT_TARGET = 17.0;
				LOCALIZATION_PREFERS_STRING_CATALOGS = YES;
				MTL_ENABLE_DEBUG_INFO = NO;
				MTL_FAST_MATH = YES;
				SDKROOT = iphoneos;
				SWIFT_COMPILATION_MODE = wholemodule;
				VALIDATE_PRODUCT = YES;
			};
			name = Release;
		};
		81063B762CA0996600153278 /* Debug */ = {
			isa = XCBuildConfiguration;
			baseConfigurationReference = 39A169E4C88282B05F3D32F4 /* Pods-Aiquefome.debug.xcconfig */;
			buildSettings = {
				ASSETCATALOG_COMPILER_APPICON_NAME = AppIcon;
				ASSETCATALOG_COMPILER_GLOBAL_ACCENT_COLOR_NAME = AccentColor;
				CODE_SIGN_STYLE = Automatic;
				CURRENT_PROJECT_VERSION = 1;
				DEVELOPMENT_TEAM = 2B3NAR3YX7;
				"EXCLUDED_ARCHS[sdk=iphonesimulator*]" = arm64;
				GENERATE_INFOPLIST_FILE = YES;
				INFOPLIST_FILE = "Aiquefome/Info-$(CONFIGURATION).plist";
				INFOPLIST_KEY_UIApplicationSupportsIndirectInputEvents = YES;
				INFOPLIST_KEY_UILaunchStoryboardName = LaunchScreen;
				INFOPLIST_KEY_UISupportedInterfaceOrientations_iPad = "UIInterfaceOrientationPortrait UIInterfaceOrientationPortraitUpsideDown UIInterfaceOrientationLandscapeLeft UIInterfaceOrientationLandscapeRight";
				INFOPLIST_KEY_UISupportedInterfaceOrientations_iPhone = "UIInterfaceOrientationPortrait UIInterfaceOrientationLandscapeLeft UIInterfaceOrientationLandscapeRight";
				IPHONEOS_DEPLOYMENT_TARGET = 13.0;
				LD_RUNPATH_SEARCH_PATHS = (
					"$(inherited)",
					"@executable_path/Frameworks",
				);
				MARKETING_VERSION = 1.0;
				PRODUCT_BUNDLE_IDENTIFIER = com.lifeados.Aiquefome;
				PRODUCT_NAME = "$(TARGET_NAME)";
				SWIFT_EMIT_LOC_STRINGS = YES;
				SWIFT_VERSION = 5.0;
				TARGETED_DEVICE_FAMILY = "1,2";
			};
			name = Debug;
		};
		81063B772CA0996600153278 /* Release */ = {
			isa = XCBuildConfiguration;
			baseConfigurationReference = CB74CA0F5B117BE67094FFA2 /* Pods-Aiquefome.release.xcconfig */;
			buildSettings = {
				ASSETCATALOG_COMPILER_APPICON_NAME = AppIcon;
				ASSETCATALOG_COMPILER_GLOBAL_ACCENT_COLOR_NAME = AccentColor;
				CODE_SIGN_STYLE = Automatic;
				CURRENT_PROJECT_VERSION = 1;
				DEVELOPMENT_TEAM = 2B3NAR3YX7;
				"EXCLUDED_ARCHS[sdk=iphonesimulator*]" = arm64;
				GENERATE_INFOPLIST_FILE = YES;
				INFOPLIST_FILE = "Aiquefome/Info-$(CONFIGURATION).plist";
				INFOPLIST_KEY_UIApplicationSupportsIndirectInputEvents = YES;
				INFOPLIST_KEY_UILaunchStoryboardName = LaunchScreen;
				INFOPLIST_KEY_UISupportedInterfaceOrientations_iPad = "UIInterfaceOrientationPortrait UIInterfaceOrientationPortraitUpsideDown UIInterfaceOrientationLandscapeLeft UIInterfaceOrientationLandscapeRight";
				INFOPLIST_KEY_UISupportedInterfaceOrientations_iPhone = "UIInterfaceOrientationPortrait UIInterfaceOrientationLandscapeLeft UIInterfaceOrientationLandscapeRight";
				IPHONEOS_DEPLOYMENT_TARGET = 13.0;
				LD_RUNPATH_SEARCH_PATHS = (
					"$(inherited)",
					"@executable_path/Frameworks",
				);
				MARKETING_VERSION = 1.0;
				PRODUCT_BUNDLE_IDENTIFIER = com.lifeados.Aiquefome;
				PRODUCT_NAME = "$(TARGET_NAME)";
				SWIFT_EMIT_LOC_STRINGS = YES;
				SWIFT_VERSION = 5.0;
				TARGETED_DEVICE_FAMILY = "1,2";
			};
			name = Release;
		};
/* End XCBuildConfiguration section */

/* Begin XCConfigurationList section */
		81063B5C2CA0996400153278 /* Build configuration list for PBXProject "Aiquefome" */ = {
			isa = XCConfigurationList;
			buildConfigurations = (
				81063B732CA0996600153278 /* Debug */,
				81063B742CA0996600153278 /* Release */,
			);
			defaultConfigurationIsVisible = 0;
			defaultConfigurationName = Release;
		};
		81063B752CA0996600153278 /* Build configuration list for PBXNativeTarget "Aiquefome" */ = {
			isa = XCConfigurationList;
			buildConfigurations = (
				81063B762CA0996600153278 /* Debug */,
				81063B772CA0996600153278 /* Release */,
			);
			defaultConfigurationIsVisible = 0;
			defaultConfigurationName = Release;
		};
/* End XCConfigurationList section */

/* Begin XCRemoteSwiftPackageReference section */
		817CCF7F2CA8DC6100340FC9 /* XCRemoteSwiftPackageReference "supabase-swift" */ = {
			isa = XCRemoteSwiftPackageReference;
			repositoryURL = "https://github.com/supabase-community/supabase-swift.git";
			requirement = {
				kind = upToNextMajorVersion;
				minimumVersion = 2.5.1;
			};
		};
/* End XCRemoteSwiftPackageReference section */

/* Begin XCSwiftPackageProductDependency section */
		81382F102CA8DFD0006B1FF0 /* Supabase */ = {
			isa = XCSwiftPackageProductDependency;
			package = 817CCF7F2CA8DC6100340FC9 /* XCRemoteSwiftPackageReference "supabase-swift" */;
			productName = Supabase;
		};
		817CCF802CA8DC6100340FC9 /* Auth */ = {
			isa = XCSwiftPackageProductDependency;
			package = 817CCF7F2CA8DC6100340FC9 /* XCRemoteSwiftPackageReference "supabase-swift" */;
			productName = Auth;
		};
		817CCF822CA8DC6100340FC9 /* Functions */ = {
			isa = XCSwiftPackageProductDependency;
			package = 817CCF7F2CA8DC6100340FC9 /* XCRemoteSwiftPackageReference "supabase-swift" */;
			productName = Functions;
		};
		817CCF842CA8DC6100340FC9 /* PostgREST */ = {
			isa = XCSwiftPackageProductDependency;
			package = 817CCF7F2CA8DC6100340FC9 /* XCRemoteSwiftPackageReference "supabase-swift" */;
			productName = PostgREST;
		};
		817CCF862CA8DC6100340FC9 /* Realtime */ = {
			isa = XCSwiftPackageProductDependency;
			package = 817CCF7F2CA8DC6100340FC9 /* XCRemoteSwiftPackageReference "supabase-swift" */;
			productName = Realtime;
		};
		817CCF882CA8DC6100340FC9 /* Storage */ = {
			isa = XCSwiftPackageProductDependency;
			package = 817CCF7F2CA8DC6100340FC9 /* XCRemoteSwiftPackageReference "supabase-swift" */;
			productName = Storage;
		};
		817CCF8A2CA8DDE700340FC9 /* Auth */ = {
			isa = XCSwiftPackageProductDependency;
			package = 817CCF7F2CA8DC6100340FC9 /* XCRemoteSwiftPackageReference "supabase-swift" */;
			productName = Auth;
		};
		817CCF8C2CA8DDE700340FC9 /* Functions */ = {
			isa = XCSwiftPackageProductDependency;
			package = 817CCF7F2CA8DC6100340FC9 /* XCRemoteSwiftPackageReference "supabase-swift" */;
			productName = Functions;
		};
		817CCF8E2CA8DDE700340FC9 /* PostgREST */ = {
			isa = XCSwiftPackageProductDependency;
			package = 817CCF7F2CA8DC6100340FC9 /* XCRemoteSwiftPackageReference "supabase-swift" */;
			productName = PostgREST;
		};
		817CCF902CA8DDE700340FC9 /* Realtime */ = {
			isa = XCSwiftPackageProductDependency;
			package = 817CCF7F2CA8DC6100340FC9 /* XCRemoteSwiftPackageReference "supabase-swift" */;
			productName = Realtime;
		};
		817CCF922CA8DDE700340FC9 /* Storage */ = {
			isa = XCSwiftPackageProductDependency;
			package = 817CCF7F2CA8DC6100340FC9 /* XCRemoteSwiftPackageReference "supabase-swift" */;
			productName = Storage;
		};
/* End XCSwiftPackageProductDependency section */
	};
	rootObject = 81063B592CA0996400153278 /* Project object */;
}
